// !$*UTF8*$!
{
	archiveVersion = 1;
	classes = {
	};
	objectVersion = 77;
	objects = {

/* Begin PBXContainerItemProxy section */
		7CFEC5D32F91BB2A00EC173F /* PBXContainerItemProxy */ = {
			isa = PBXContainerItemProxy;
			containerPortal = 7CFEC5BD2F91BB2900EC173F /* Project object */;
			proxyType = 1;
			remoteGlobalIDString = 7CFEC5C42F91BB2900EC173F;
			remoteInfo = SDRMac;
		};
/* End PBXContainerItemProxy section */

/* Begin PBXBuildFile section */
		7CFEC5F12F91BB3100EC173F /* SdrCoreKit in Frameworks */ = {isa = PBXBuildFile; productRef = 7CFEC5F22F91BB3200EC173F /* SdrCoreKit */; };
		7CFEC5F52F91BB3500EC173F /* SdrCoreKit in Frameworks */ = {isa = PBXBuildFile; productRef = 7CFEC5F42F91BB3400EC173F /* SdrCoreKit */; };
/* End PBXBuildFile section */

/* Begin PBXFileReference section */
		7CFEC5C52F91BB2900EC173F /* sdr-rs.app */ = {isa = PBXFileReference; explicitFileType = wrapper.application; includeInIndex = 0; path = "sdr-rs.app"; sourceTree = BUILT_PRODUCTS_DIR; };
		7CFEC5D22F91BB2A00EC173F /* SDRMacTests.xctest */ = {isa = PBXFileReference; explicitFileType = wrapper.cfbundle; includeInIndex = 0; path = SDRMacTests.xctest; sourceTree = BUILT_PRODUCTS_DIR; };
/* End PBXFileReference section */

/* Begin PBXFileSystemSynchronizedBuildFileExceptionSet section */
		7CFEC5F02F91BB3000EC173F /* Exceptions for "SDRMac" folder */ = {
			isa = PBXFileSystemSynchronizedBuildFileExceptionSet;
			membershipExceptions = (
				"Entitlements/SDRMac.entitlements",
				"Resources/Info.plist",
			);
			target = 7CFEC5C42F91BB2900EC173F /* SDRMac */;
		};
/* End PBXFileSystemSynchronizedBuildFileExceptionSet section */

/* Begin PBXFileSystemSynchronizedRootGroup section */
		7CFEC5C72F91BB2900EC173F /* SDRMac */ = {
			isa = PBXFileSystemSynchronizedRootGroup;
			exceptions = (
				7CFEC5F02F91BB3000EC173F /* Exceptions for "SDRMac" folder */,
			);
			path = SDRMac;
			sourceTree = "<group>";
		};
		7CFEC5D52F91BB2A00EC173F /* SDRMacTests */ = {
			isa = PBXFileSystemSynchronizedRootGroup;
			path = SDRMacTests;
			sourceTree = "<group>";
		};
/* End PBXFileSystemSynchronizedRootGroup section */

/* Begin PBXFrameworksBuildPhase section */
		7CFEC5C22F91BB2900EC173F /* Frameworks */ = {
			isa = PBXFrameworksBuildPhase;
			buildActionMask = 2147483647;
			files = (
				7CFEC5F12F91BB3100EC173F /* SdrCoreKit in Frameworks */,
			);
			runOnlyForDeploymentPostprocessing = 0;
		};
		7CFEC5CF2F91BB2A00EC173F /* Frameworks */ = {
			isa = PBXFrameworksBuildPhase;
			buildActionMask = 2147483647;
			files = (
				7CFEC5F52F91BB3500EC173F /* SdrCoreKit in Frameworks */,
			);
			runOnlyForDeploymentPostprocessing = 0;
		};
/* End PBXFrameworksBuildPhase section */

/* Begin PBXGroup section */
		7CFEC5BC2F91BB2900EC173F = {
			isa = PBXGroup;
			children = (
				7CFEC5C72F91BB2900EC173F /* SDRMac */,
				7CFEC5D52F91BB2A00EC173F /* SDRMacTests */,
				7CFEC5C62F91BB2900EC173F /* Products */,
			);
			sourceTree = "<group>";
		};
		7CFEC5C62F91BB2900EC173F /* Products */ = {
			isa = PBXGroup;
			children = (
				7CFEC5C52F91BB2900EC173F /* sdr-rs.app */,
				7CFEC5D22F91BB2A00EC173F /* SDRMacTests.xctest */,
			);
			name = Products;
			sourceTree = "<group>";
		};
/* End PBXGroup section */

/* Begin PBXNativeTarget section */
		7CFEC5C42F91BB2900EC173F /* SDRMac */ = {
			isa = PBXNativeTarget;
			buildConfigurationList = 7CFEC5E62F91BB2A00EC173F /* Build configuration list for PBXNativeTarget "SDRMac" */;
			buildPhases = (
				7CFEC5C12F91BB2900EC173F /* Sources */,
				7CFEC5C22F91BB2900EC173F /* Frameworks */,
				7CFEC5C32F91BB2900EC173F /* Resources */,
			);
			buildRules = (
			);
			dependencies = (
			);
			fileSystemSynchronizedGroups = (
				7CFEC5C72F91BB2900EC173F /* SDRMac */,
			);
			name = SDRMac;
			packageProductDependencies = (
				7CFEC5F22F91BB3200EC173F /* SdrCoreKit */,
			);
			productName = SDRMac;
			productReference = 7CFEC5C52F91BB2900EC173F /* sdr-rs.app */;
			productType = "com.apple.product-type.application";
		};
		7CFEC5D12F91BB2A00EC173F /* SDRMacTests */ = {
			isa = PBXNativeTarget;
			buildConfigurationList = 7CFEC5E92F91BB2A00EC173F /* Build configuration list for PBXNativeTarget "SDRMacTests" */;
			buildPhases = (
				7CFEC5CE2F91BB2A00EC173F /* Sources */,
				7CFEC5CF2F91BB2A00EC173F /* Frameworks */,
				7CFEC5D02F91BB2A00EC173F /* Resources */,
			);
			buildRules = (
			);
			dependencies = (
				7CFEC5D42F91BB2A00EC173F /* PBXTargetDependency */,
			);
			fileSystemSynchronizedGroups = (
				7CFEC5D52F91BB2A00EC173F /* SDRMacTests */,
			);
			name = SDRMacTests;
			packageProductDependencies = (
				7CFEC5F42F91BB3400EC173F /* SdrCoreKit */,
			);
			productName = SDRMacTests;
			productReference = 7CFEC5D22F91BB2A00EC173F /* SDRMacTests.xctest */;
			productType = "com.apple.product-type.bundle.unit-test";
		};
/* End PBXNativeTarget section */

/* Begin PBXProject section */
		7CFEC5BD2F91BB2900EC173F /* Project object */ = {
			isa = PBXProject;
			attributes = {
				BuildIndependentTargetsInParallel = 1;
				LastSwiftUpdateCheck = 2640;
				LastUpgradeCheck = 2640;
				TargetAttributes = {
					7CFEC5C42F91BB2900EC173F = {
						CreatedOnToolsVersion = 26.4;
					};
					7CFEC5D12F91BB2A00EC173F = {
						CreatedOnToolsVersion = 26.4;
						TestTargetID = 7CFEC5C42F91BB2900EC173F;
					};
				};
			};
			buildConfigurationList = 7CFEC5C02F91BB2900EC173F /* Build configuration list for PBXProject "SDRMac" */;
			developmentRegion = en;
			hasScannedForEncodings = 0;
			knownRegions = (
				en,
				Base,
			);
			mainGroup = 7CFEC5BC2F91BB2900EC173F;
			minimizedProjectReferenceProxies = 1;
			packageReferences = (
				7CFEC5F32F91BB3300EC173F /* XCLocalSwiftPackageReference "Packages/SdrCoreKit" */,
			);
			preferredProjectObjectVersion = 77;
			productRefGroup = 7CFEC5C62F91BB2900EC173F /* Products */;
			projectDirPath = "";
			projectRoot = "";
			targets = (
				7CFEC5C42F91BB2900EC173F /* SDRMac */,
				7CFEC5D12F91BB2A00EC173F /* SDRMacTests */,
			);
		};
/* End PBXProject section */

/* Begin PBXResourcesBuildPhase section */
		7CFEC5C32F91BB2900EC173F /* Resources */ = {
			isa = PBXResourcesBuildPhase;
			buildActionMask = 2147483647;
			files = (
			);
			runOnlyForDeploymentPostprocessing = 0;
		};
		7CFEC5D02F91BB2A00EC173F /* Resources */ = {
			isa = PBXResourcesBuildPhase;
			buildActionMask = 2147483647;
			files = (
			);
			runOnlyForDeploymentPostprocessing = 0;
		};
/* End PBXResourcesBuildPhase section */

/* Begin PBXSourcesBuildPhase section */
		7CFEC5C12F91BB2900EC173F /* Sources */ = {
			isa = PBXSourcesBuildPhase;
			buildActionMask = 2147483647;
			files = (
			);
			runOnlyForDeploymentPostprocessing = 0;
		};
		7CFEC5CE2F91BB2A00EC173F /* Sources */ = {
			isa = PBXSourcesBuildPhase;
			buildActionMask = 2147483647;
			files = (
			);
			runOnlyForDeploymentPostprocessing = 0;
		};
/* End PBXSourcesBuildPhase section */

/* Begin PBXTargetDependency section */
		7CFEC5D42F91BB2A00EC173F /* PBXTargetDependency */ = {
			isa = PBXTargetDependency;
			target = 7CFEC5C42F91BB2900EC173F /* SDRMac */;
			targetProxy = 7CFEC5D32F91BB2A00EC173F /* PBXContainerItemProxy */;
		};
/* End PBXTargetDependency section */

/* Begin XCBuildConfiguration section */
		7CFEC5E42F91BB2A00EC173F /* Debug */ = {
			isa = XCBuildConfiguration;
			buildSettings = {
				ALWAYS_SEARCH_USER_PATHS = NO;
				CLANG_ANALYZER_NONNULL = YES;
				CLANG_ANALYZER_NUMBER_OBJECT_CONVERSION = YES_AGGRESSIVE;
				CLANG_CXX_LANGUAGE_STANDARD = "gnu++20";
				CLANG_ENABLE_MODULES = YES;
				CLANG_ENABLE_OBJC_ARC = YES;
				CLANG_ENABLE_OBJC_WEAK = YES;
				CLANG_WARN_BLOCK_CAPTURE_AUTORELEASING = YES;
				CLANG_WARN_BOOL_CONVERSION = YES;
				CLANG_WARN_COMMA = YES;
				CLANG_WARN_CONSTANT_CONVERSION = YES;
				CLANG_WARN_DEPRECATED_OBJC_IMPLEMENTATIONS = YES;
				CLANG_WARN_DIRECT_OBJC_ISA_USAGE = YES_ERROR;
				CLANG_WARN_DOCUMENTATION_COMMENTS = YES;
				CLANG_WARN_EMPTY_BODY = YES;
				CLANG_WARN_ENUM_CONVERSION = YES;
				CLANG_WARN_INFINITE_RECURSION = YES;
				CLANG_WARN_INT_CONVERSION = YES;
				CLANG_WARN_NON_LITERAL_NULL_CONVERSION = YES;
				CLANG_WARN_OBJC_IMPLICIT_RETAIN_SELF = YES;
				CLANG_WARN_OBJC_LITERAL_CONVERSION = YES;
				CLANG_WARN_OBJC_ROOT_CLASS = YES_ERROR;
				CLANG_WARN_QUOTED_INCLUDE_IN_FRAMEWORK_HEADER = YES;
				CLANG_WARN_RANGE_LOOP_ANALYSIS = YES;
				CLANG_WARN_STRICT_PROTOTYPES = YES;
				CLANG_WARN_SUSPICIOUS_MOVE = YES;
				CLANG_WARN_UNGUARDED_AVAILABILITY = YES_AGGRESSIVE;
				CLANG_WARN_UNREACHABLE_CODE = YES;
				CLANG_WARN__DUPLICATE_METHOD_MATCH = YES;
				COPY_PHASE_STRIP = NO;
				DEBUG_INFORMATION_FORMAT = dwarf;
				ENABLE_STRICT_OBJC_MSGSEND = YES;
				ENABLE_TESTABILITY = YES;
				ENABLE_USER_SCRIPT_SANDBOXING = YES;
				GCC_C_LANGUAGE_STANDARD = gnu17;
				GCC_DYNAMIC_NO_PIC = NO;
				GCC_NO_COMMON_BLOCKS = YES;
				GCC_OPTIMIZATION_LEVEL = 0;
				GCC_PREPROCESSOR_DEFINITIONS = (
					"DEBUG=1",
					"$(inherited)",
				);
				GCC_WARN_64_TO_32_BIT_CONVERSION = YES;
				GCC_WARN_ABOUT_RETURN_TYPE = YES_ERROR;
				GCC_WARN_UNDECLARED_SELECTOR = YES;
				GCC_WARN_UNINITIALIZED_AUTOS = YES_AGGRESSIVE;
				GCC_WARN_UNUSED_FUNCTION = YES;
				GCC_WARN_UNUSED_VARIABLE = YES;
				LOCALIZATION_PREFERS_STRING_CATALOGS = YES;
				MACOSX_DEPLOYMENT_TARGET = 14.0;
				MTL_ENABLE_DEBUG_INFO = INCLUDE_SOURCE;
				MTL_FAST_MATH = YES;
				ONLY_ACTIVE_ARCH = YES;
				SDKROOT = macosx;
				SUPPORTED_PLATFORMS = macosx;
				SWIFT_ACTIVE_COMPILATION_CONDITIONS = "DEBUG $(inherited)";
				SWIFT_OPTIMIZATION_LEVEL = "-Onone";
			};
			name = Debug;
		};
		7CFEC5E52F91BB2A00EC173F /* Release */ = {
			isa = XCBuildConfiguration;
			buildSettings = {
				ALWAYS_SEARCH_USER_PATHS = NO;
				CLANG_ANALYZER_NONNULL = YES;
				CLANG_ANALYZER_NUMBER_OBJECT_CONVERSION = YES_AGGRESSIVE;
				CLANG_CXX_LANGUAGE_STANDARD = "gnu++20";
				CLANG_ENABLE_MODULES = YES;
				CLANG_ENABLE_OBJC_ARC = YES;
				CLANG_ENABLE_OBJC_WEAK = YES;
				CLANG_WARN_BLOCK_CAPTURE_AUTORELEASING = YES;
				CLANG_WARN_BOOL_CONVERSION = YES;
				CLANG_WARN_COMMA = YES;
				CLANG_WARN_CONSTANT_CONVERSION = YES;
				CLANG_WARN_DEPRECATED_OBJC_IMPLEMENTATIONS = YES;
				CLANG_WARN_DIRECT_OBJC_ISA_USAGE = YES_ERROR;
				CLANG_WARN_DOCUMENTATION_COMMENTS = YES;
				CLANG_WARN_EMPTY_BODY = YES;
				CLANG_WARN_ENUM_CONVERSION = YES;
				CLANG_WARN_INFINITE_RECURSION = YES;
				CLANG_WARN_INT_CONVERSION = YES;
				CLANG_WARN_NON_LITERAL_NULL_CONVERSION = YES;
				CLANG_WARN_OBJC_IMPLICIT_RETAIN_SELF = YES;
				CLANG_WARN_OBJC_LITERAL_CONVERSION = YES;
				CLANG_WARN_OBJC_ROOT_CLASS = YES_ERROR;
				CLANG_WARN_QUOTED_INCLUDE_IN_FRAMEWORK_HEADER = YES;
				CLANG_WARN_RANGE_LOOP_ANALYSIS = YES;
				CLANG_WARN_STRICT_PROTOTYPES = YES;
				CLANG_WARN_SUSPICIOUS_MOVE = YES;
				CLANG_WARN_UNGUARDED_AVAILABILITY = YES_AGGRESSIVE;
				CLANG_WARN_UNREACHABLE_CODE = YES;
				CLANG_WARN__DUPLICATE_METHOD_MATCH = YES;
				COPY_PHASE_STRIP = NO;
				DEBUG_INFORMATION_FORMAT = "dwarf-with-dsym";
				ENABLE_NS_ASSERTIONS = NO;
				ENABLE_STRICT_OBJC_MSGSEND = YES;
				ENABLE_USER_SCRIPT_SANDBOXING = YES;
				GCC_C_LANGUAGE_STANDARD = gnu17;
				GCC_NO_COMMON_BLOCKS = YES;
				GCC_WARN_64_TO_32_BIT_CONVERSION = YES;
				GCC_WARN_ABOUT_RETURN_TYPE = YES_ERROR;
				GCC_WARN_UNDECLARED_SELECTOR = YES;
				GCC_WARN_UNINITIALIZED_AUTOS = YES_AGGRESSIVE;
				GCC_WARN_UNUSED_FUNCTION = YES;
				GCC_WARN_UNUSED_VARIABLE = YES;
				LOCALIZATION_PREFERS_STRING_CATALOGS = YES;
				MACOSX_DEPLOYMENT_TARGET = 14.0;
				MTL_ENABLE_DEBUG_INFO = NO;
				MTL_FAST_MATH = YES;
				SDKROOT = macosx;
				SUPPORTED_PLATFORMS = macosx;
				SWIFT_COMPILATION_MODE = wholemodule;
			};
			name = Release;
		};
		7CFEC5E72F91BB2A00EC173F /* Debug */ = {
			isa = XCBuildConfiguration;
			buildSettings = {
				CODE_SIGN_ENTITLEMENTS = SDRMac/Entitlements/SDRMac.entitlements;
				CODE_SIGN_STYLE = Automatic;
				CURRENT_PROJECT_VERSION = 1;
				ENABLE_APP_SANDBOX = NO;
				ENABLE_HARDENED_RUNTIME = YES;
				ENABLE_PREVIEWS = YES;
				GENERATE_INFOPLIST_FILE = NO;
				INFOPLIST_FILE = SDRMac/Resources/Info.plist;
				LD_RUNPATH_SEARCH_PATHS = "@executable_path/../Frameworks";
				MACOSX_DEPLOYMENT_TARGET = 14.0;
				MARKETING_VERSION = 0.1.0;
				PRODUCT_BUNDLE_IDENTIFIER = com.sdr.rs;
				PRODUCT_MODULE_NAME = SDRMac;
				PRODUCT_NAME = "sdr-rs";
				SDKROOT = macosx;
				SUPPORTED_PLATFORMS = macosx;
				SWIFT_APPROACHABLE_CONCURRENCY = YES;
				SWIFT_DEFAULT_ACTOR_ISOLATION = MainActor;
				SWIFT_EMIT_LOC_STRINGS = YES;
				SWIFT_UPCOMING_FEATURE_MEMBER_IMPORT_VISIBILITY = YES;
				SWIFT_VERSION = 5.0;
			};
			name = Debug;
		};
		7CFEC5E82F91BB2A00EC173F /* Release */ = {
			isa = XCBuildConfiguration;
			buildSettings = {
				CODE_SIGN_ENTITLEMENTS = SDRMac/Entitlements/SDRMac.entitlements;
				CODE_SIGN_STYLE = Automatic;
				CURRENT_PROJECT_VERSION = 1;
				ENABLE_APP_SANDBOX = NO;
				ENABLE_HARDENED_RUNTIME = YES;
				ENABLE_PREVIEWS = YES;
				GENERATE_INFOPLIST_FILE = NO;
				INFOPLIST_FILE = SDRMac/Resources/Info.plist;
				LD_RUNPATH_SEARCH_PATHS = "@executable_path/../Frameworks";
				MACOSX_DEPLOYMENT_TARGET = 14.0;
				MARKETING_VERSION = 0.1.0;
				PRODUCT_BUNDLE_IDENTIFIER = com.sdr.rs;
				PRODUCT_MODULE_NAME = SDRMac;
				PRODUCT_NAME = "sdr-rs";
				SDKROOT = macosx;
				SUPPORTED_PLATFORMS = macosx;
				SWIFT_APPROACHABLE_CONCURRENCY = YES;
				SWIFT_DEFAULT_ACTOR_ISOLATION = MainActor;
				SWIFT_EMIT_LOC_STRINGS = YES;
				SWIFT_UPCOMING_FEATURE_MEMBER_IMPORT_VISIBILITY = YES;
				SWIFT_VERSION = 5.0;
			};
			name = Release;
		};
		7CFEC5EA2F91BB2A00EC173F /* Debug */ = {
			isa = XCBuildConfiguration;
			buildSettings = {
				BUNDLE_LOADER = "$(TEST_HOST)";
				CODE_SIGN_STYLE = Automatic;
				CURRENT_PROJECT_VERSION = 1;
				GENERATE_INFOPLIST_FILE = YES;
				MACOSX_DEPLOYMENT_TARGET = 14.0;
				MARKETING_VERSION = 0.1.0;
				PRODUCT_BUNDLE_IDENTIFIER = com.sdr.rs.tests;
				PRODUCT_NAME = "$(TARGET_NAME)";
				SDKROOT = macosx;
				SUPPORTED_PLATFORMS = macosx;
				SWIFT_APPROACHABLE_CONCURRENCY = YES;
				SWIFT_EMIT_LOC_STRINGS = NO;
				SWIFT_UPCOMING_FEATURE_MEMBER_IMPORT_VISIBILITY = YES;
				SWIFT_VERSION = 5.0;
				TEST_HOST = "$(BUILT_PRODUCTS_DIR)/sdr-rs.app/Contents/MacOS/sdr-rs";
			};
			name = Debug;
		};
		7CFEC5EB2F91BB2A00EC173F /* Release */ = {
			isa = XCBuildConfiguration;
			buildSettings = {
				BUNDLE_LOADER = "$(TEST_HOST)";
				CODE_SIGN_STYLE = Automatic;
				CURRENT_PROJECT_VERSION = 1;
				GENERATE_INFOPLIST_FILE = YES;
				MACOSX_DEPLOYMENT_TARGET = 14.0;
				MARKETING_VERSION = 0.1.0;
				PRODUCT_BUNDLE_IDENTIFIER = com.sdr.rs.tests;
				PRODUCT_NAME = "$(TARGET_NAME)";
				SDKROOT = macosx;
				SUPPORTED_PLATFORMS = macosx;
				SWIFT_APPROACHABLE_CONCURRENCY = YES;
				SWIFT_EMIT_LOC_STRINGS = NO;
				SWIFT_UPCOMING_FEATURE_MEMBER_IMPORT_VISIBILITY = YES;
				SWIFT_VERSION = 5.0;
				TEST_HOST = "$(BUILT_PRODUCTS_DIR)/sdr-rs.app/Contents/MacOS/sdr-rs";
			};
			name = Release;
		};
/* End XCBuildConfiguration section */

/* Begin XCConfigurationList section */
		7CFEC5C02F91BB2900EC173F /* Build configuration list for PBXProject "SDRMac" */ = {
			isa = XCConfigurationList;
			buildConfigurations = (
				7CFEC5E42F91BB2A00EC173F /* Debug */,
				7CFEC5E52F91BB2A00EC173F /* Release */,
			);
			defaultConfigurationIsVisible = 0;
			defaultConfigurationName = Release;
		};
		7CFEC5E62F91BB2A00EC173F /* Build configuration list for PBXNativeTarget "SDRMac" */ = {
			isa = XCConfigurationList;
			buildConfigurations = (
				7CFEC5E72F91BB2A00EC173F /* Debug */,
				7CFEC5E82F91BB2A00EC173F /* Release */,
			);
			defaultConfigurationIsVisible = 0;
			defaultConfigurationName = Release;
		};
		7CFEC5E92F91BB2A00EC173F /* Build configuration list for PBXNativeTarget "SDRMacTests" */ = {
			isa = XCConfigurationList;
			buildConfigurations = (
				7CFEC5EA2F91BB2A00EC173F /* Debug */,
				7CFEC5EB2F91BB2A00EC173F /* Release */,
			);
			defaultConfigurationIsVisible = 0;
			defaultConfigurationName = Release;
		};
/* End XCConfigurationList section */

/* Begin XCLocalSwiftPackageReference section */
		7CFEC5F32F91BB3300EC173F /* XCLocalSwiftPackageReference "Packages/SdrCoreKit" */ = {
			isa = XCLocalSwiftPackageReference;
			relativePath = Packages/SdrCoreKit;
		};
/* End XCLocalSwiftPackageReference section */

/* Begin XCSwiftPackageProductDependency section */
		7CFEC5F22F91BB3200EC173F /* SdrCoreKit */ = {
			isa = XCSwiftPackageProductDependency;
			productName = SdrCoreKit;
		};
		7CFEC5F42F91BB3400EC173F /* SdrCoreKit */ = {
			isa = XCSwiftPackageProductDependency;
			productName = SdrCoreKit;
		};
/* End XCSwiftPackageProductDependency section */
	};
	rootObject = 7CFEC5BD2F91BB2900EC173F /* Project object */;
}
